// !$*UTF8*$!
{
	archiveVersion = 1;
	classes = {
	};
	objectVersion = 46;
	objects = {

/* Begin PBXBuildFile section */
		564E951585FA3B53DC57E810 /* libPods-JustEat.a in Frameworks */ = {isa = PBXBuildFile; fileRef = 0602D2A3CA6CB839C237FC53 /* libPods-JustEat.a */; };
		759F102F9D97C20175891FD8 /* libPods-JustEatTests.a in Frameworks */ = {isa = PBXBuildFile; fileRef = 21679075DDFFE0C8BF09538E /* libPods-JustEatTests.a */; };
		ABAFDE211B075246004C7608 /* main.m in Sources */ = {isa = PBXBuildFile; fileRef = ABAFDE201B075246004C7608 /* main.m */; };
		ABAFDE2C1B075246004C7608 /* Images.xcassets in Resources */ = {isa = PBXBuildFile; fileRef = ABAFDE2B1B075246004C7608 /* Images.xcassets */; };
		ABAFDE2F1B075246004C7608 /* LaunchScreen.xib in Resources */ = {isa = PBXBuildFile; fileRef = ABAFDE2D1B075246004C7608 /* LaunchScreen.xib */; };
		ABAFDE551B075274004C7608 /* MKBAppDelegate.m in Sources */ = {isa = PBXBuildFile; fileRef = ABAFDE451B075274004C7608 /* MKBAppDelegate.m */; };
		ABAFDE561B075274004C7608 /* MKBCuisineType.m in Sources */ = {isa = PBXBuildFile; fileRef = ABAFDE471B075274004C7608 /* MKBCuisineType.m */; };
		ABAFDE571B075274004C7608 /* MKBLogo.m in Sources */ = {isa = PBXBuildFile; fileRef = ABAFDE491B075274004C7608 /* MKBLogo.m */; };
		ABAFDE581B075274004C7608 /* MKBRatingsView.m in Sources */ = {isa = PBXBuildFile; fileRef = ABAFDE4B1B075274004C7608 /* MKBRatingsView.m */; };
		ABAFDE591B075274004C7608 /* MKBRestaurant.m in Sources */ = {isa = PBXBuildFile; fileRef = ABAFDE4D1B075274004C7608 /* MKBRestaurant.m */; };
		ABAFDE5A1B075274004C7608 /* MKBResultsViewController.m in Sources */ = {isa = PBXBuildFile; fileRef = ABAFDE4F1B075274004C7608 /* MKBResultsViewController.m */; };
		ABAFDE5B1B075274004C7608 /* MKBResultTableViewCell.m in Sources */ = {isa = PBXBuildFile; fileRef = ABAFDE511B075274004C7608 /* MKBResultTableViewCell.m */; };
		ABAFDE5C1B075274004C7608 /* MKBSearchViewController.m in Sources */ = {isa = PBXBuildFile; fileRef = ABAFDE531B075274004C7608 /* MKBSearchViewController.m */; };
		ABAFDE5D1B075274004C7608 /* StarMask.xib in Resources */ = {isa = PBXBuildFile; fileRef = ABAFDE541B075274004C7608 /* StarMask.xib */; };
		ABAFDE601B0752C4004C7608 /* Main.storyboard in Resources */ = {isa = PBXBuildFile; fileRef = ABAFDE5E1B0752C4004C7608 /* Main.storyboard */; };
		ABAFDE671B075494004C7608 /* MKBSessionManager.m in Sources */ = {isa = PBXBuildFile; fileRef = ABAFDE661B075494004C7608 /* MKBSessionManager.m */; };
		ABAFDE691B0757DA004C7608 /* MKBRestaurantTests.m in Sources */ = {isa = PBXBuildFile; fileRef = ABAFDE681B0757DA004C7608 /* MKBRestaurantTests.m */; };
		ABAFDE6C1B07587F004C7608 /* MKBRestaurantResultsDataSource.m in Sources */ = {isa = PBXBuildFile; fileRef = ABAFDE6B1B07587F004C7608 /* MKBRestaurantResultsDataSource.m */; };
		ABAFDE711B075CE2004C7608 /* MKBTestUtils.m in Sources */ = {isa = PBXBuildFile; fileRef = ABAFDE701B075CE2004C7608 /* MKBTestUtils.m */; };
		ABAFDE741B075D53004C7608 /* Restaurant.json in Resources */ = {isa = PBXBuildFile; fileRef = ABAFDE731B075D53004C7608 /* Restaurant.json */; };
		ABAFDE771B0761BE004C7608 /* NSString+ArrayWriter.m in Sources */ = {isa = PBXBuildFile; fileRef = ABAFDE761B0761BE004C7608 /* NSString+ArrayWriter.m */; };
		ABAFDE7A1B089CFF004C7608 /* MKBResultsViewControllerTests.m in Sources */ = {isa = PBXBuildFile; fileRef = ABAFDE791B089CFF004C7608 /* MKBResultsViewControllerTests.m */; };
		ABAFDE7D1B08A3B4004C7608 /* MKBPostCodeFinder.m in Sources */ = {isa = PBXBuildFile; fileRef = ABAFDE7C1B08A3B4004C7608 /* MKBPostCodeFinder.m */; };
		ABAFDE811B08BA4B004C7608 /* MKBRestaurantsResponseSerializer.m in Sources */ = {isa = PBXBuildFile; fileRef = ABAFDE801B08BA4B004C7608 /* MKBRestaurantsResponseSerializer.m */; };
		ABAFDE831B08BECF004C7608 /* MKBRestaurantResponseSerializerTests.m in Sources */ = {isa = PBXBuildFile; fileRef = ABAFDE821B08BECF004C7608 /* MKBRestaurantResponseSerializerTests.m */; };
		ABAFDE851B08BF18004C7608 /* RestaurantFullResponse.json in Resources */ = {isa = PBXBuildFile; fileRef = ABAFDE841B08BF18004C7608 /* RestaurantFullResponse.json */; };
		ABAFDE8B1B08C1EB004C7608 /* UIView+WellRounded.m in Sources */ = {isa = PBXBuildFile; fileRef = ABAFDE8A1B08C1EB004C7608 /* UIView+WellRounded.m */; };
		ABAFDE8E1B08C2C2004C7608 /* UIViewRounded.m in Sources */ = {isa = PBXBuildFile; fileRef = ABAFDE8D1B08C2C2004C7608 /* UIViewRounded.m */; };
		ABAFDE911B08C2EF004C7608 /* UImageViewRounded.m in Sources */ = {isa = PBXBuildFile; fileRef = ABAFDE901B08C2EF004C7608 /* UImageViewRounded.m */; };
		ABAFDE941B08D705004C7608 /* UIColor+JustEatScheme.m in Sources */ = {isa = PBXBuildFile; fileRef = ABAFDE931B08D705004C7608 /* UIColor+JustEatScheme.m */; };
		ABAFDE971B08E00A004C7608 /* NSObject+NilKey.m in Sources */ = {isa = PBXBuildFile; fileRef = ABAFDE961B08E00A004C7608 /* NSObject+NilKey.m */; };
/* End PBXBuildFile section */

/* Begin PBXContainerItemProxy section */
		ABAFDE351B075246004C7608 /* PBXContainerItemProxy */ = {
			isa = PBXContainerItemProxy;
			containerPortal = ABAFDE131B075245004C7608 /* Project object */;
			proxyType = 1;
			remoteGlobalIDString = ABAFDE1A1B075245004C7608;
			remoteInfo = JustEat;
		};
/* End PBXContainerItemProxy section */

/* Begin PBXFileReference section */
		0602D2A3CA6CB839C237FC53 /* libPods-JustEat.a */ = {isa = PBXFileReference; explicitFileType = archive.ar; includeInIndex = 0; path = "libPods-JustEat.a"; sourceTree = BUILT_PRODUCTS_DIR; };
		1C6B97487CEF7E87613F6011 /* Pods-JustEat.debug.xcconfig */ = {isa = PBXFileReference; includeInIndex = 1; lastKnownFileType = text.xcconfig; name = "Pods-JustEat.debug.xcconfig"; path = "Pods/Target Support Files/Pods-JustEat/Pods-JustEat.debug.xcconfig"; sourceTree = "<group>"; };
		21679075DDFFE0C8BF09538E /* libPods-JustEatTests.a */ = {isa = PBXFileReference; explicitFileType = archive.ar; includeInIndex = 0; path = "libPods-JustEatTests.a"; sourceTree = BUILT_PRODUCTS_DIR; };
		62B3E4E04F1866A6D1483CA7 /* Pods-JustEatTests.debug.xcconfig */ = {isa = PBXFileReference; includeInIndex = 1; lastKnownFileType = text.xcconfig; name = "Pods-JustEatTests.debug.xcconfig"; path = "Pods/Target Support Files/Pods-JustEatTests/Pods-JustEatTests.debug.xcconfig"; sourceTree = "<group>"; };
		ABAFDE1B1B075246004C7608 /* JustEat.app */ = {isa = PBXFileReference; explicitFileType = wrapper.application; includeInIndex = 0; path = JustEat.app; sourceTree = BUILT_PRODUCTS_DIR; };
		ABAFDE1F1B075246004C7608 /* Info.plist */ = {isa = PBXFileReference; lastKnownFileType = text.plist.xml; path = Info.plist; sourceTree = "<group>"; };
		ABAFDE201B075246004C7608 /* main.m */ = {isa = PBXFileReference; lastKnownFileType = sourcecode.c.objc; path = main.m; sourceTree = "<group>"; };
		ABAFDE2B1B075246004C7608 /* Images.xcassets */ = {isa = PBXFileReference; lastKnownFileType = folder.assetcatalog; path = Images.xcassets; sourceTree = "<group>"; };
		ABAFDE2E1B075246004C7608 /* Base */ = {isa = PBXFileReference; lastKnownFileType = file.xib; name = Base; path = Base.lproj/LaunchScreen.xib; sourceTree = "<group>"; };
		ABAFDE341B075246004C7608 /* JustEatTests.xctest */ = {isa = PBXFileReference; explicitFileType = wrapper.cfbundle; includeInIndex = 0; path = JustEatTests.xctest; sourceTree = BUILT_PRODUCTS_DIR; };
		ABAFDE391B075246004C7608 /* Info.plist */ = {isa = PBXFileReference; lastKnownFileType = text.plist.xml; path = Info.plist; sourceTree = "<group>"; };
		ABAFDE441B075274004C7608 /* MKBAppDelegate.h */ = {isa = PBXFileReference; fileEncoding = 4; lastKnownFileType = sourcecode.c.h; path = MKBAppDelegate.h; sourceTree = "<group>"; };
		ABAFDE451B075274004C7608 /* MKBAppDelegate.m */ = {isa = PBXFileReference; fileEncoding = 4; lastKnownFileType = sourcecode.c.objc; path = MKBAppDelegate.m; sourceTree = "<group>"; };
		ABAFDE461B075274004C7608 /* MKBCuisineType.h */ = {isa = PBXFileReference; fileEncoding = 4; lastKnownFileType = sourcecode.c.h; path = MKBCuisineType.h; sourceTree = "<group>"; };
		ABAFDE471B075274004C7608 /* MKBCuisineType.m */ = {isa = PBXFileReference; fileEncoding = 4; lastKnownFileType = sourcecode.c.objc; path = MKBCuisineType.m; sourceTree = "<group>"; };
		ABAFDE481B075274004C7608 /* MKBLogo.h */ = {isa = PBXFileReference; fileEncoding = 4; lastKnownFileType = sourcecode.c.h; path = MKBLogo.h; sourceTree = "<group>"; };
		ABAFDE491B075274004C7608 /* MKBLogo.m */ = {isa = PBXFileReference; fileEncoding = 4; lastKnownFileType = sourcecode.c.objc; path = MKBLogo.m; sourceTree = "<group>"; };
		ABAFDE4A1B075274004C7608 /* MKBRatingsView.h */ = {isa = PBXFileReference; fileEncoding = 4; lastKnownFileType = sourcecode.c.h; path = MKBRatingsView.h; sourceTree = "<group>"; };
		ABAFDE4B1B075274004C7608 /* MKBRatingsView.m */ = {isa = PBXFileReference; fileEncoding = 4; lastKnownFileType = sourcecode.c.objc; path = MKBRatingsView.m; sourceTree = "<group>"; };
		ABAFDE4C1B075274004C7608 /* MKBRestaurant.h */ = {isa = PBXFileReference; fileEncoding = 4; lastKnownFileType = sourcecode.c.h; path = MKBRestaurant.h; sourceTree = "<group>"; };
		ABAFDE4D1B075274004C7608 /* MKBRestaurant.m */ = {isa = PBXFileReference; fileEncoding = 4; lastKnownFileType = sourcecode.c.objc; path = MKBRestaurant.m; sourceTree = "<group>"; };
		ABAFDE4E1B075274004C7608 /* MKBResultsViewController.h */ = {isa = PBXFileReference; fileEncoding = 4; lastKnownFileType = sourcecode.c.h; path = MKBResultsViewController.h; sourceTree = "<group>"; };
		ABAFDE4F1B075274004C7608 /* MKBResultsViewController.m */ = {isa = PBXFileReference; fileEncoding = 4; lastKnownFileType = sourcecode.c.objc; path = MKBResultsViewController.m; sourceTree = "<group>"; };
		ABAFDE501B075274004C7608 /* MKBResultTableViewCell.h */ = {isa = PBXFileReference; fileEncoding = 4; lastKnownFileType = sourcecode.c.h; path = MKBResultTableViewCell.h; sourceTree = "<group>"; };
		ABAFDE511B075274004C7608 /* MKBResultTableViewCell.m */ = {isa = PBXFileReference; fileEncoding = 4; lastKnownFileType = sourcecode.c.objc; path = MKBResultTableViewCell.m; sourceTree = "<group>"; };
		ABAFDE521B075274004C7608 /* MKBSearchViewController.h */ = {isa = PBXFileReference; fileEncoding = 4; lastKnownFileType = sourcecode.c.h; path = MKBSearchViewController.h; sourceTree = "<group>"; };
		ABAFDE531B075274004C7608 /* MKBSearchViewController.m */ = {isa = PBXFileReference; fileEncoding = 4; lastKnownFileType = sourcecode.c.objc; path = MKBSearchViewController.m; sourceTree = "<group>"; };
		ABAFDE541B075274004C7608 /* StarMask.xib */ = {isa = PBXFileReference; fileEncoding = 4; lastKnownFileType = file.xib; path = StarMask.xib; sourceTree = "<group>"; };
		ABAFDE5F1B0752C4004C7608 /* Base */ = {isa = PBXFileReference; lastKnownFileType = file.storyboard; name = Base; path = Base.lproj/Main.storyboard; sourceTree = "<group>"; };
		ABAFDE651B075494004C7608 /* MKBSessionManager.h */ = {isa = PBXFileReference; fileEncoding = 4; lastKnownFileType = sourcecode.c.h; path = MKBSessionManager.h; sourceTree = "<group>"; };
		ABAFDE661B075494004C7608 /* MKBSessionManager.m */ = {isa = PBXFileReference; fileEncoding = 4; lastKnownFileType = sourcecode.c.objc; path = MKBSessionManager.m; sourceTree = "<group>"; };
		ABAFDE681B0757DA004C7608 /* MKBRestaurantTests.m */ = {isa = PBXFileReference; fileEncoding = 4; lastKnownFileType = sourcecode.c.objc; path = MKBRestaurantTests.m; sourceTree = "<group>"; };
		ABAFDE6A1B07587F004C7608 /* MKBRestaurantResultsDataSource.h */ = {isa = PBXFileReference; fileEncoding = 4; lastKnownFileType = sourcecode.c.h; path = MKBRestaurantResultsDataSource.h; sourceTree = "<group>"; };
		ABAFDE6B1B07587F004C7608 /* MKBRestaurantResultsDataSource.m */ = {isa = PBXFileReference; fileEncoding = 4; lastKnownFileType = sourcecode.c.objc; path = MKBRestaurantResultsDataSource.m; sourceTree = "<group>"; };
		ABAFDE6F1B075CE2004C7608 /* MKBTestUtils.h */ = {isa = PBXFileReference; fileEncoding = 4; lastKnownFileType = sourcecode.c.h; path = MKBTestUtils.h; sourceTree = "<group>"; };
		ABAFDE701B075CE2004C7608 /* MKBTestUtils.m */ = {isa = PBXFileReference; fileEncoding = 4; lastKnownFileType = sourcecode.c.objc; path = MKBTestUtils.m; sourceTree = "<group>"; };
		ABAFDE731B075D53004C7608 /* Restaurant.json */ = {isa = PBXFileReference; fileEncoding = 4; lastKnownFileType = text.json; path = Restaurant.json; sourceTree = "<group>"; };
		ABAFDE751B0761BE004C7608 /* NSString+ArrayWriter.h */ = {isa = PBXFileReference; fileEncoding = 4; lastKnownFileType = sourcecode.c.h; path = "NSString+ArrayWriter.h"; sourceTree = "<group>"; };
		ABAFDE761B0761BE004C7608 /* NSString+ArrayWriter.m */ = {isa = PBXFileReference; fileEncoding = 4; lastKnownFileType = sourcecode.c.objc; path = "NSString+ArrayWriter.m"; sourceTree = "<group>"; };
		ABAFDE791B089CFF004C7608 /* MKBResultsViewControllerTests.m */ = {isa = PBXFileReference; fileEncoding = 4; lastKnownFileType = sourcecode.c.objc; path = MKBResultsViewControllerTests.m; sourceTree = "<group>"; };
		ABAFDE7B1B08A3B4004C7608 /* MKBPostCodeFinder.h */ = {isa = PBXFileReference; fileEncoding = 4; lastKnownFileType = sourcecode.c.h; path = MKBPostCodeFinder.h; sourceTree = "<group>"; };
		ABAFDE7C1B08A3B4004C7608 /* MKBPostCodeFinder.m */ = {isa = PBXFileReference; fileEncoding = 4; lastKnownFileType = sourcecode.c.objc; path = MKBPostCodeFinder.m; sourceTree = "<group>"; };
		ABAFDE7F1B08BA4B004C7608 /* MKBRestaurantsResponseSerializer.h */ = {isa = PBXFileReference; fileEncoding = 4; lastKnownFileType = sourcecode.c.h; path = MKBRestaurantsResponseSerializer.h; sourceTree = "<group>"; };
		ABAFDE801B08BA4B004C7608 /* MKBRestaurantsResponseSerializer.m */ = {isa = PBXFileReference; fileEncoding = 4; lastKnownFileType = sourcecode.c.objc; path = MKBRestaurantsResponseSerializer.m; sourceTree = "<group>"; };
		ABAFDE821B08BECF004C7608 /* MKBRestaurantResponseSerializerTests.m */ = {isa = PBXFileReference; fileEncoding = 4; lastKnownFileType = sourcecode.c.objc; path = MKBRestaurantResponseSerializerTests.m; sourceTree = "<group>"; };
		ABAFDE841B08BF18004C7608 /* RestaurantFullResponse.json */ = {isa = PBXFileReference; fileEncoding = 4; lastKnownFileType = text.json; path = RestaurantFullResponse.json; sourceTree = "<group>"; };
		ABAFDE891B08C1EB004C7608 /* UIView+WellRounded.h */ = {isa = PBXFileReference; fileEncoding = 4; lastKnownFileType = sourcecode.c.h; path = "UIView+WellRounded.h"; sourceTree = "<group>"; };
		ABAFDE8A1B08C1EB004C7608 /* UIView+WellRounded.m */ = {isa = PBXFileReference; fileEncoding = 4; lastKnownFileType = sourcecode.c.objc; path = "UIView+WellRounded.m"; sourceTree = "<group>"; };
		ABAFDE8C1B08C2C2004C7608 /* UIViewRounded.h */ = {isa = PBXFileReference; fileEncoding = 4; lastKnownFileType = sourcecode.c.h; path = UIViewRounded.h; sourceTree = "<group>"; };
		ABAFDE8D1B08C2C2004C7608 /* UIViewRounded.m */ = {isa = PBXFileReference; fileEncoding = 4; lastKnownFileType = sourcecode.c.objc; path = UIViewRounded.m; sourceTree = "<group>"; };
		ABAFDE8F1B08C2EF004C7608 /* UImageViewRounded.h */ = {isa = PBXFileReference; fileEncoding = 4; lastKnownFileType = sourcecode.c.h; path = UImageViewRounded.h; sourceTree = "<group>"; };
		ABAFDE901B08C2EF004C7608 /* UImageViewRounded.m */ = {isa = PBXFileReference; fileEncoding = 4; lastKnownFileType = sourcecode.c.objc; path = UImageViewRounded.m; sourceTree = "<group>"; };
		ABAFDE921B08D705004C7608 /* UIColor+JustEatScheme.h */ = {isa = PBXFileReference; fileEncoding = 4; lastKnownFileType = sourcecode.c.h; path = "UIColor+JustEatScheme.h"; sourceTree = "<group>"; };
		ABAFDE931B08D705004C7608 /* UIColor+JustEatScheme.m */ = {isa = PBXFileReference; fileEncoding = 4; lastKnownFileType = sourcecode.c.objc; path = "UIColor+JustEatScheme.m"; sourceTree = "<group>"; };
		ABAFDE951B08E00A004C7608 /* NSObject+NilKey.h */ = {isa = PBXFileReference; fileEncoding = 4; lastKnownFileType = sourcecode.c.h; path = "NSObject+NilKey.h"; sourceTree = "<group>"; };
		ABAFDE961B08E00A004C7608 /* NSObject+NilKey.m */ = {isa = PBXFileReference; fileEncoding = 4; lastKnownFileType = sourcecode.c.objc; path = "NSObject+NilKey.m"; sourceTree = "<group>"; };
		B0906DC7B7793A66FB7963B2 /* Pods-JustEatTests.release.xcconfig */ = {isa = PBXFileReference; includeInIndex = 1; lastKnownFileType = text.xcconfig; name = "Pods-JustEatTests.release.xcconfig"; path = "Pods/Target Support Files/Pods-JustEatTests/Pods-JustEatTests.release.xcconfig"; sourceTree = "<group>"; };
		C85A90E14EAF057AED14EFE3 /* Pods-JustEat.release.xcconfig */ = {isa = PBXFileReference; includeInIndex = 1; lastKnownFileType = text.xcconfig; name = "Pods-JustEat.release.xcconfig"; path = "Pods/Target Support Files/Pods-JustEat/Pods-JustEat.release.xcconfig"; sourceTree = "<group>"; };
/* End PBXFileReference section */

/* Begin PBXFrameworksBuildPhase section */
		ABAFDE181B075245004C7608 /* Frameworks */ = {
			isa = PBXFrameworksBuildPhase;
			buildActionMask = 2147483647;
			files = (
				564E951585FA3B53DC57E810 /* libPods-JustEat.a in Frameworks */,
			);
			runOnlyForDeploymentPostprocessing = 0;
		};
		ABAFDE311B075246004C7608 /* Frameworks */ = {
			isa = PBXFrameworksBuildPhase;
			buildActionMask = 2147483647;
			files = (
				759F102F9D97C20175891FD8 /* libPods-JustEatTests.a in Frameworks */,
			);
			runOnlyForDeploymentPostprocessing = 0;
		};
/* End PBXFrameworksBuildPhase section */

/* Begin PBXGroup section */
		781EE11BA6AA008E793FEAC5 /* Pods */ = {
			isa = PBXGroup;
			children = (
				1C6B97487CEF7E87613F6011 /* Pods-JustEat.debug.xcconfig */,
				C85A90E14EAF057AED14EFE3 /* Pods-JustEat.release.xcconfig */,
				62B3E4E04F1866A6D1483CA7 /* Pods-JustEatTests.debug.xcconfig */,
				B0906DC7B7793A66FB7963B2 /* Pods-JustEatTests.release.xcconfig */,
			);
			name = Pods;
			sourceTree = "<group>";
		};
		ABAFDE121B075245004C7608 = {
			isa = PBXGroup;
			children = (
				ABAFDE1D1B075246004C7608 /* JustEat */,
				ABAFDE371B075246004C7608 /* JustEatTests */,
				ABAFDE1C1B075246004C7608 /* Products */,
				781EE11BA6AA008E793FEAC5 /* Pods */,
				FB3069FD9785C98AE2184404 /* Frameworks */,
			);
			sourceTree = "<group>";
		};
		ABAFDE1C1B075246004C7608 /* Products */ = {
			isa = PBXGroup;
			children = (
				ABAFDE1B1B075246004C7608 /* JustEat.app */,
				ABAFDE341B075246004C7608 /* JustEatTests.xctest */,
			);
			name = Products;
			sourceTree = "<group>";
		};
		ABAFDE1D1B075246004C7608 /* JustEat */ = {
			isa = PBXGroup;
			children = (
				ABAFDE5E1B0752C4004C7608 /* Main.storyboard */,
				ABAFDE441B075274004C7608 /* MKBAppDelegate.h */,
				ABAFDE451B075274004C7608 /* MKBAppDelegate.m */,
				ABAFDE7E1B08A9F7004C7608 /* Location */,
				ABAFDE781B0761C3004C7608 /* Categories */,
				ABAFDE641B075416004C7608 /* Networking */,
				ABAFDE631B075303004C7608 /* Views */,
				ABAFDE621B0752EC004C7608 /* View Controllers */,
				ABAFDE611B0752E6004C7608 /* Model */,
				ABAFDE2B1B075246004C7608 /* Images.xcassets */,
				ABAFDE2D1B075246004C7608 /* LaunchScreen.xib */,
				ABAFDE1E1B075246004C7608 /* Supporting Files */,
			);
			path = JustEat;
			sourceTree = "<group>";
		};
		ABAFDE1E1B075246004C7608 /* Supporting Files */ = {
			isa = PBXGroup;
			children = (
				ABAFDE1F1B075246004C7608 /* Info.plist */,
				ABAFDE201B075246004C7608 /* main.m */,
			);
			name = "Supporting Files";
			sourceTree = "<group>";
		};
		ABAFDE371B075246004C7608 /* JustEatTests */ = {
			isa = PBXGroup;
			children = (
				ABAFDE721B075D53004C7608 /* Fixtures */,
				ABAFDE381B075246004C7608 /* Supporting Files */,
				ABAFDE681B0757DA004C7608 /* MKBRestaurantTests.m */,
				ABAFDE791B089CFF004C7608 /* MKBResultsViewControllerTests.m */,
				ABAFDE821B08BECF004C7608 /* MKBRestaurantResponseSerializerTests.m */,
				ABAFDE6F1B075CE2004C7608 /* MKBTestUtils.h */,
				ABAFDE701B075CE2004C7608 /* MKBTestUtils.m */,
			);
			path = JustEatTests;
			sourceTree = "<group>";
		};
		ABAFDE381B075246004C7608 /* Supporting Files */ = {
			isa = PBXGroup;
			children = (
				ABAFDE391B075246004C7608 /* Info.plist */,
			);
			name = "Supporting Files";
			sourceTree = "<group>";
		};
		ABAFDE611B0752E6004C7608 /* Model */ = {
			isa = PBXGroup;
			children = (
				ABAFDE6A1B07587F004C7608 /* MKBRestaurantResultsDataSource.h */,
				ABAFDE6B1B07587F004C7608 /* MKBRestaurantResultsDataSource.m */,
				ABAFDE461B075274004C7608 /* MKBCuisineType.h */,
				ABAFDE471B075274004C7608 /* MKBCuisineType.m */,
				ABAFDE481B075274004C7608 /* MKBLogo.h */,
				ABAFDE491B075274004C7608 /* MKBLogo.m */,
				ABAFDE4C1B075274004C7608 /* MKBRestaurant.h */,
				ABAFDE4D1B075274004C7608 /* MKBRestaurant.m */,
			);
			name = Model;
			sourceTree = "<group>";
		};
		ABAFDE621B0752EC004C7608 /* View Controllers */ = {
			isa = PBXGroup;
			children = (
				ABAFDE521B075274004C7608 /* MKBSearchViewController.h */,
				ABAFDE531B075274004C7608 /* MKBSearchViewController.m */,
				ABAFDE4E1B075274004C7608 /* MKBResultsViewController.h */,
				ABAFDE4F1B075274004C7608 /* MKBResultsViewController.m */,
			);
			name = "View Controllers";
			sourceTree = "<group>";
		};
		ABAFDE631B075303004C7608 /* Views */ = {
			isa = PBXGroup;
			children = (
				ABAFDE8C1B08C2C2004C7608 /* UIViewRounded.h */,
				ABAFDE8D1B08C2C2004C7608 /* UIViewRounded.m */,
				ABAFDE8F1B08C2EF004C7608 /* UImageViewRounded.h */,
				ABAFDE901B08C2EF004C7608 /* UImageViewRounded.m */,
				ABAFDE501B075274004C7608 /* MKBResultTableViewCell.h */,
				ABAFDE511B075274004C7608 /* MKBResultTableViewCell.m */,
				ABAFDE4A1B075274004C7608 /* MKBRatingsView.h */,
				ABAFDE4B1B075274004C7608 /* MKBRatingsView.m */,
				ABAFDE541B075274004C7608 /* StarMask.xib */,
			);
			name = Views;
			sourceTree = "<group>";
		};
		ABAFDE641B075416004C7608 /* Networking */ = {
			isa = PBXGroup;
			children = (
				ABAFDE651B075494004C7608 /* MKBSessionManager.h */,
				ABAFDE661B075494004C7608 /* MKBSessionManager.m */,
				ABAFDE7F1B08BA4B004C7608 /* MKBRestaurantsResponseSerializer.h */,
				ABAFDE801B08BA4B004C7608 /* MKBRestaurantsResponseSerializer.m */,
			);
			name = Networking;
			sourceTree = "<group>";
		};
		ABAFDE721B075D53004C7608 /* Fixtures */ = {
			isa = PBXGroup;
			children = (
				ABAFDE841B08BF18004C7608 /* RestaurantFullResponse.json */,
				ABAFDE731B075D53004C7608 /* Restaurant.json */,
			);
			path = Fixtures;
			sourceTree = "<group>";
		};
		ABAFDE781B0761C3004C7608 /* Categories */ = {
			isa = PBXGroup;
			children = (
				ABAFDE751B0761BE004C7608 /* NSString+ArrayWriter.h */,
				ABAFDE761B0761BE004C7608 /* NSString+ArrayWriter.m */,
				ABAFDE891B08C1EB004C7608 /* UIView+WellRounded.h */,
				ABAFDE8A1B08C1EB004C7608 /* UIView+WellRounded.m */,
				ABAFDE921B08D705004C7608 /* UIColor+JustEatScheme.h */,
				ABAFDE931B08D705004C7608 /* UIColor+JustEatScheme.m */,
				ABAFDE951B08E00A004C7608 /* NSObject+NilKey.h */,
				ABAFDE961B08E00A004C7608 /* NSObject+NilKey.m */,
			);
			name = Categories;
			sourceTree = "<group>";
		};
		ABAFDE7E1B08A9F7004C7608 /* Location */ = {
			isa = PBXGroup;
			children = (
				ABAFDE7B1B08A3B4004C7608 /* MKBPostCodeFinder.h */,
				ABAFDE7C1B08A3B4004C7608 /* MKBPostCodeFinder.m */,
			);
			name = Location;
			sourceTree = "<group>";
		};
		FB3069FD9785C98AE2184404 /* Frameworks */ = {
			isa = PBXGroup;
			children = (
				0602D2A3CA6CB839C237FC53 /* libPods-JustEat.a */,
				21679075DDFFE0C8BF09538E /* libPods-JustEatTests.a */,
			);
			name = Frameworks;
			sourceTree = "<group>";
		};
/* End PBXGroup section */

/* Begin PBXNativeTarget section */
		ABAFDE1A1B075245004C7608 /* JustEat */ = {
			isa = PBXNativeTarget;
			buildConfigurationList = ABAFDE3E1B075246004C7608 /* Build configuration list for PBXNativeTarget "JustEat" */;
			buildPhases = (
				0A1661B8080B5F4DC32D85CF /* Check Pods Manifest.lock */,
				ABAFDE171B075245004C7608 /* Sources */,
				ABAFDE181B075245004C7608 /* Frameworks */,
				ABAFDE191B075245004C7608 /* Resources */,
				B3B0D644EA5C80C6CEE01A7F /* Copy Pods Resources */,
			);
			buildRules = (
			);
			dependencies = (
			);
			name = JustEat;
			productName = JustEat;
			productReference = ABAFDE1B1B075246004C7608 /* JustEat.app */;
			productType = "com.apple.product-type.application";
		};
		ABAFDE331B075246004C7608 /* JustEatTests */ = {
			isa = PBXNativeTarget;
			buildConfigurationList = ABAFDE411B075246004C7608 /* Build configuration list for PBXNativeTarget "JustEatTests" */;
			buildPhases = (
				570C4DB32D67E933AA2CFD39 /* Check Pods Manifest.lock */,
				ABAFDE301B075246004C7608 /* Sources */,
				ABAFDE311B075246004C7608 /* Frameworks */,
				ABAFDE321B075246004C7608 /* Resources */,
				ADB04473DDD2AFF5F4CC8F2D /* Copy Pods Resources */,
			);
			buildRules = (
			);
			dependencies = (
				ABAFDE361B075246004C7608 /* PBXTargetDependency */,
			);
			name = JustEatTests;
			productName = JustEatTests;
			productReference = ABAFDE341B075246004C7608 /* JustEatTests.xctest */;
			productType = "com.apple.product-type.bundle.unit-test";
		};
/* End PBXNativeTarget section */

/* Begin PBXProject section */
		ABAFDE131B075245004C7608 /* Project object */ = {
			isa = PBXProject;
			attributes = {
				LastUpgradeCheck = 0630;
				ORGANIZATIONNAME = "Mark Bridges";
				TargetAttributes = {
					ABAFDE1A1B075245004C7608 = {
						CreatedOnToolsVersion = 6.3.1;
					};
					ABAFDE331B075246004C7608 = {
						CreatedOnToolsVersion = 6.3.1;
						TestTargetID = ABAFDE1A1B075245004C7608;
					};
				};
			};
			buildConfigurationList = ABAFDE161B075245004C7608 /* Build configuration list for PBXProject "JustEat" */;
			compatibilityVersion = "Xcode 3.2";
			developmentRegion = English;
			hasScannedForEncodings = 0;
			knownRegions = (
				en,
				Base,
			);
			mainGroup = ABAFDE121B075245004C7608;
			productRefGroup = ABAFDE1C1B075246004C7608 /* Products */;
			projectDirPath = "";
			projectRoot = "";
			targets = (
				ABAFDE1A1B075245004C7608 /* JustEat */,
				ABAFDE331B075246004C7608 /* JustEatTests */,
			);
		};
/* End PBXProject section */

/* Begin PBXResourcesBuildPhase section */
		ABAFDE191B075245004C7608 /* Resources */ = {
			isa = PBXResourcesBuildPhase;
			buildActionMask = 2147483647;
			files = (
				ABAFDE2F1B075246004C7608 /* LaunchScreen.xib in Resources */,
				ABAFDE5D1B075274004C7608 /* StarMask.xib in Resources */,
				ABAFDE2C1B075246004C7608 /* Images.xcassets in Resources */,
				ABAFDE601B0752C4004C7608 /* Main.storyboard in Resources */,
			);
			runOnlyForDeploymentPostprocessing = 0;
		};
		ABAFDE321B075246004C7608 /* Resources */ = {
			isa = PBXResourcesBuildPhase;
			buildActionMask = 2147483647;
			files = (
				ABAFDE851B08BF18004C7608 /* RestaurantFullResponse.json in Resources */,
				ABAFDE741B075D53004C7608 /* Restaurant.json in Resources */,
			);
			runOnlyForDeploymentPostprocessing = 0;
		};
/* End PBXResourcesBuildPhase section */

/* Begin PBXShellScriptBuildPhase section */
		0A1661B8080B5F4DC32D85CF /* Check Pods Manifest.lock */ = {
			isa = PBXShellScriptBuildPhase;
			buildActionMask = 2147483647;
			files = (
			);
			inputPaths = (
			);
			name = "Check Pods Manifest.lock";
			outputPaths = (
			);
			runOnlyForDeploymentPostprocessing = 0;
			shellPath = /bin/sh;
			shellScript = "diff \"${PODS_ROOT}/../Podfile.lock\" \"${PODS_ROOT}/Manifest.lock\" > /dev/null\nif [[ $? != 0 ]] ; then\n    cat << EOM\nerror: The sandbox is not in sync with the Podfile.lock. Run 'pod install' or update your CocoaPods installation.\nEOM\n    exit 1\nfi\n";
			showEnvVarsInLog = 0;
		};
		570C4DB32D67E933AA2CFD39 /* Check Pods Manifest.lock */ = {
			isa = PBXShellScriptBuildPhase;
			buildActionMask = 2147483647;
			files = (
			);
			inputPaths = (
			);
			name = "Check Pods Manifest.lock";
			outputPaths = (
			);
			runOnlyForDeploymentPostprocessing = 0;
			shellPath = /bin/sh;
			shellScript = "diff \"${PODS_ROOT}/../Podfile.lock\" \"${PODS_ROOT}/Manifest.lock\" > /dev/null\nif [[ $? != 0 ]] ; then\n    cat << EOM\nerror: The sandbox is not in sync with the Podfile.lock. Run 'pod install' or update your CocoaPods installation.\nEOM\n    exit 1\nfi\n";
			showEnvVarsInLog = 0;
		};
		ADB04473DDD2AFF5F4CC8F2D /* Copy Pods Resources */ = {
			isa = PBXShellScriptBuildPhase;
			buildActionMask = 2147483647;
			files = (
			);
			inputPaths = (
			);
			name = "Copy Pods Resources";
			outputPaths = (
			);
			runOnlyForDeploymentPostprocessing = 0;
			shellPath = /bin/sh;
			shellScript = "\"${SRCROOT}/Pods/Target Support Files/Pods-JustEatTests/Pods-JustEatTests-resources.sh\"\n";
			showEnvVarsInLog = 0;
		};
		B3B0D644EA5C80C6CEE01A7F /* Copy Pods Resources */ = {
			isa = PBXShellScriptBuildPhase;
			buildActionMask = 2147483647;
			files = (
			);
			inputPaths = (
			);
			name = "Copy Pods Resources";
			outputPaths = (
			);
			runOnlyForDeploymentPostprocessing = 0;
			shellPath = /bin/sh;
			shellScript = "\"${SRCROOT}/Pods/Target Support Files/Pods-JustEat/Pods-JustEat-resources.sh\"\n";
			showEnvVarsInLog = 0;
		};
/* End PBXShellScriptBuildPhase section */

/* Begin PBXSourcesBuildPhase section */
		ABAFDE171B075245004C7608 /* Sources */ = {
			isa = PBXSourcesBuildPhase;
			buildActionMask = 2147483647;
			files = (
				ABAFDE771B0761BE004C7608 /* NSString+ArrayWriter.m in Sources */,
				ABAFDE7D1B08A3B4004C7608 /* MKBPostCodeFinder.m in Sources */,
				ABAFDE811B08BA4B004C7608 /* MKBRestaurantsResponseSerializer.m in Sources */,
				ABAFDE211B075246004C7608 /* main.m in Sources */,
				ABAFDE8E1B08C2C2004C7608 /* UIViewRounded.m in Sources */,
				ABAFDE5C1B075274004C7608 /* MKBSearchViewController.m in Sources */,
				ABAFDE911B08C2EF004C7608 /* UImageViewRounded.m in Sources */,
				ABAFDE551B075274004C7608 /* MKBAppDelegate.m in Sources */,
				ABAFDE5A1B075274004C7608 /* MKBResultsViewController.m in Sources */,
				ABAFDE941B08D705004C7608 /* UIColor+JustEatScheme.m in Sources */,
				ABAFDE561B075274004C7608 /* MKBCuisineType.m in Sources */,
				ABAFDE581B075274004C7608 /* MKBRatingsView.m in Sources */,
				ABAFDE571B075274004C7608 /* MKBLogo.m in Sources */,
				ABAFDE971B08E00A004C7608 /* NSObject+NilKey.m in Sources */,
				ABAFDE6C1B07587F004C7608 /* MKBRestaurantResultsDataSource.m in Sources */,
				ABAFDE8B1B08C1EB004C7608 /* UIView+WellRounded.m in Sources */,
				ABAFDE671B075494004C7608 /* MKBSessionManager.m in Sources */,
				ABAFDE591B075274004C7608 /* MKBRestaurant.m in Sources */,
				ABAFDE5B1B075274004C7608 /* MKBResultTableViewCell.m in Sources */,
			);
			runOnlyForDeploymentPostprocessing = 0;
		};
		ABAFDE301B075246004C7608 /* Sources */ = {
			isa = PBXSourcesBuildPhase;
			buildActionMask = 2147483647;
			files = (
				ABAFDE831B08BECF004C7608 /* MKBRestaurantResponseSerializerTests.m in Sources */,
				ABAFDE7A1B089CFF004C7608 /* MKBResultsViewControllerTests.m in Sources */,
				ABAFDE691B0757DA004C7608 /* MKBRestaurantTests.m in Sources */,
				ABAFDE711B075CE2004C7608 /* MKBTestUtils.m in Sources */,
			);
			runOnlyForDeploymentPostprocessing = 0;
		};
/* End PBXSourcesBuildPhase section */

/* Begin PBXTargetDependency section */
		ABAFDE361B075246004C7608 /* PBXTargetDependency */ = {
			isa = PBXTargetDependency;
			target = ABAFDE1A1B075245004C7608 /* JustEat */;
			targetProxy = ABAFDE351B075246004C7608 /* PBXContainerItemProxy */;
		};
/* End PBXTargetDependency section */

/* Begin PBXVariantGroup section */
		ABAFDE2D1B075246004C7608 /* LaunchScreen.xib */ = {
			isa = PBXVariantGroup;
			children = (
				ABAFDE2E1B075246004C7608 /* Base */,
			);
			name = LaunchScreen.xib;
			sourceTree = "<group>";
		};
		ABAFDE5E1B0752C4004C7608 /* Main.storyboard */ = {
			isa = PBXVariantGroup;
			children = (
				ABAFDE5F1B0752C4004C7608 /* Base */,
			);
			name = Main.storyboard;
			sourceTree = "<group>";
		};
/* End PBXVariantGroup section */

/* Begin XCBuildConfiguration section */
		ABAFDE3C1B075246004C7608 /* Debug */ = {
			isa = XCBuildConfiguration;
			buildSettings = {
				ALWAYS_SEARCH_USER_PATHS = NO;
				CLANG_CXX_LANGUAGE_STANDARD = "gnu++0x";
				CLANG_CXX_LIBRARY = "libc++";
				CLANG_ENABLE_MODULES = YES;
				CLANG_ENABLE_OBJC_ARC = YES;
				CLANG_WARN_BOOL_CONVERSION = YES;
				CLANG_WARN_CONSTANT_CONVERSION = YES;
				CLANG_WARN_DIRECT_OBJC_ISA_USAGE = YES_ERROR;
				CLANG_WARN_EMPTY_BODY = YES;
				CLANG_WARN_ENUM_CONVERSION = YES;
				CLANG_WARN_INT_CONVERSION = YES;
				CLANG_WARN_OBJC_ROOT_CLASS = YES_ERROR;
				CLANG_WARN_UNREACHABLE_CODE = YES;
				CLANG_WARN__DUPLICATE_METHOD_MATCH = YES;
				"CODE_SIGN_IDENTITY[sdk=iphoneos*]" = "iPhone Developer";
				COPY_PHASE_STRIP = NO;
				DEBUG_INFORMATION_FORMAT = "dwarf-with-dsym";
				ENABLE_STRICT_OBJC_MSGSEND = YES;
				GCC_C_LANGUAGE_STANDARD = gnu99;
				GCC_DYNAMIC_NO_PIC = NO;
				GCC_NO_COMMON_BLOCKS = YES;
				GCC_OPTIMIZATION_LEVEL = 0;
				GCC_PREPROCESSOR_DEFINITIONS = (
					"DEBUG=1",
					"$(inherited)",
				);
				GCC_SYMBOLS_PRIVATE_EXTERN = NO;
				GCC_WARN_64_TO_32_BIT_CONVERSION = YES;
				GCC_WARN_ABOUT_RETURN_TYPE = YES_ERROR;
				GCC_WARN_UNDECLARED_SELECTOR = YES;
				GCC_WARN_UNINITIALIZED_AUTOS = YES_AGGRESSIVE;
				GCC_WARN_UNUSED_FUNCTION = YES;
				GCC_WARN_UNUSED_VARIABLE = YES;
				IPHONEOS_DEPLOYMENT_TARGET = 8.3;
				MTL_ENABLE_DEBUG_INFO = YES;
				ONLY_ACTIVE_ARCH = YES;
				SDKROOT = iphoneos;
				TARGETED_DEVICE_FAMILY = "1,2";
			};
			name = Debug;
		};
		ABAFDE3D1B075246004C7608 /* Release */ = {
			isa = XCBuildConfiguration;
			buildSettings = {
				ALWAYS_SEARCH_USER_PATHS = NO;
				CLANG_CXX_LANGUAGE_STANDARD = "gnu++0x";
				CLANG_CXX_LIBRARY = "libc++";
				CLANG_ENABLE_MODULES = YES;
				CLANG_ENABLE_OBJC_ARC = YES;
				CLANG_WARN_BOOL_CONVERSION = YES;
				CLANG_WARN_CONSTANT_CONVERSION = YES;
				CLANG_WARN_DIRECT_OBJC_ISA_USAGE = YES_ERROR;
				CLANG_WARN_EMPTY_BODY = YES;
				CLANG_WARN_ENUM_CONVERSION = YES;
				CLANG_WARN_INT_CONVERSION = YES;
				CLANG_WARN_OBJC_ROOT_CLASS = YES_ERROR;
				CLANG_WARN_UNREACHABLE_CODE = YES;
				CLANG_WARN__DUPLICATE_METHOD_MATCH = YES;
				"CODE_SIGN_IDENTITY[sdk=iphoneos*]" = "iPhone Developer";
				COPY_PHASE_STRIP = NO;
				DEBUG_INFORMATION_FORMAT = "dwarf-with-dsym";
				ENABLE_NS_ASSERTIONS = NO;
				ENABLE_STRICT_OBJC_MSGSEND = YES;
				GCC_C_LANGUAGE_STANDARD = gnu99;
				GCC_NO_COMMON_BLOCKS = YES;
				GCC_WARN_64_TO_32_BIT_CONVERSION = YES;
				GCC_WARN_ABOUT_RETURN_TYPE = YES_ERROR;
				GCC_WARN_UNDECLARED_SELECTOR = YES;
				GCC_WARN_UNINITIALIZED_AUTOS = YES_AGGRESSIVE;
				GCC_WARN_UNUSED_FUNCTION = YES;
				GCC_WARN_UNUSED_VARIABLE = YES;
				IPHONEOS_DEPLOYMENT_TARGET = 8.3;
				MTL_ENABLE_DEBUG_INFO = NO;
				SDKROOT = iphoneos;
				TARGETED_DEVICE_FAMILY = "1,2";
				VALIDATE_PRODUCT = YES;
			};
			name = Release;
		};
		ABAFDE3F1B075246004C7608 /* Debug */ = {
			isa = XCBuildConfiguration;
			baseConfigurationReference = 1C6B97487CEF7E87613F6011 /* Pods-JustEat.debug.xcconfig */;
			buildSettings = {
				ASSETCATALOG_COMPILER_APPICON_NAME = AppIcon;
				INFOPLIST_FILE = JustEat/Info.plist;
				LD_RUNPATH_SEARCH_PATHS = "$(inherited) @executable_path/Frameworks";
				PRODUCT_NAME = "$(TARGET_NAME)";
			};
			name = Debug;
		};
		ABAFDE401B075246004C7608 /* Release */ = {
			isa = XCBuildConfiguration;
			baseConfigurationReference = C85A90E14EAF057AED14EFE3 /* Pods-JustEat.release.xcconfig */;
			buildSettings = {
				ASSETCATALOG_COMPILER_APPICON_NAME = AppIcon;
				INFOPLIST_FILE = JustEat/Info.plist;
				LD_RUNPATH_SEARCH_PATHS = "$(inherited) @executable_path/Frameworks";
				PRODUCT_NAME = "$(TARGET_NAME)";
			};
			name = Release;
		};
		ABAFDE421B075246004C7608 /* Debug */ = {
			isa = XCBuildConfiguration;
			baseConfigurationReference = 62B3E4E04F1866A6D1483CA7 /* Pods-JustEatTests.debug.xcconfig */;
			buildSettings = {
				BUNDLE_LOADER = "$(TEST_HOST)";
				FRAMEWORK_SEARCH_PATHS = (
					"$(SDKROOT)/Developer/Library/Frameworks",
					"$(inherited)",
				);
				GCC_PREPROCESSOR_DEFINITIONS = (
					"DEBUG=1",
					"$(inherited)",
				);
				INFOPLIST_FILE = JustEatTests/Info.plist;
				LD_RUNPATH_SEARCH_PATHS = "$(inherited) @executable_path/Frameworks @loader_path/Frameworks";
				PRODUCT_NAME = "$(TARGET_NAME)";
				TEST_HOST = "$(BUILT_PRODUCTS_DIR)/JustEat.app/JustEat";
			};
			name = Debug;
		};
		ABAFDE431B075246004C7608 /* Release */ = {
			isa = XCBuildConfiguration;
			baseConfigurationReference = B0906DC7B7793A66FB7963B2 /* Pods-JustEatTests.release.xcconfig */;
			buildSettings = {
				BUNDLE_LOADER = "$(TEST_HOST)";
				FRAMEWORK_SEARCH_PATHS = (
					"$(SDKROOT)/Developer/Library/Frameworks",
					"$(inherited)",
				);
				INFOPLIST_FILE = JustEatTests/Info.plist;
				LD_RUNPATH_SEARCH_PATHS = "$(inherited) @executable_path/Frameworks @loader_path/Frameworks";
				PRODUCT_NAME = "$(TARGET_NAME)";
				TEST_HOST = "$(BUILT_PRODUCTS_DIR)/JustEat.app/JustEat";
			};
			name = Release;
		};
/* End XCBuildConfiguration section */

/* Begin XCConfigurationList section */
		ABAFDE161B075245004C7608 /* Build configuration list for PBXProject "JustEat" */ = {
			isa = XCConfigurationList;
			buildConfigurations = (
				ABAFDE3C1B075246004C7608 /* Debug */,
				ABAFDE3D1B075246004C7608 /* Release */,
			);
			defaultConfigurationIsVisible = 0;
			defaultConfigurationName = Release;
		};
		ABAFDE3E1B075246004C7608 /* Build configuration list for PBXNativeTarget "JustEat" */ = {
			isa = XCConfigurationList;
			buildConfigurations = (
				ABAFDE3F1B075246004C7608 /* Debug */,
				ABAFDE401B075246004C7608 /* Release */,
			);
			defaultConfigurationIsVisible = 0;
			defaultConfigurationName = Release;
		};
		ABAFDE411B075246004C7608 /* Build configuration list for PBXNativeTarget "JustEatTests" */ = {
			isa = XCConfigurationList;
			buildConfigurations = (
				ABAFDE421B075246004C7608 /* Debug */,
				ABAFDE431B075246004C7608 /* Release */,
			);
			defaultConfigurationIsVisible = 0;
			defaultConfigurationName = Release;
		};
/* End XCConfigurationList section */
	};
	rootObject = ABAFDE131B075245004C7608 /* Project object */;
}
